
Microsoft Visual Studio Solution File, Format Version 12.00
# Visual Studio Version 17
VisualStudioVersion = 17.2.32602.215
MinimumVisualStudioVersion = 10.0.40219.1
Project("{FAE04EC0-301F-11D3-BF4B-00C04F79EFBC}") = "ternary-assignment", "ternary-assignment\ternary-assignment.csproj", "{74C1D2B1-4E47-4C53-92ED-475D345F3851}"
EndProject
Global
	GlobalSection(SolutionConfigurationPlatforms) = preSolution
		Debug|Any CPU = Debug|Any CPU
		Release|Any CPU = Release|Any CPU
	EndGlobalSection
	GlobalSection(ProjectConfigurationPlatforms) = postSolution
		{74C1D2B1-4E47-4C53-92ED-475D345F3851}.Debug|Any CPU.ActiveCfg = Debug|Any CPU
		{74C1D2B1-4E47-4C53-92ED-475D345F3851}.Debug|Any CPU.Build.0 = Debug|Any CPU
		{74C1D2B1-4E47-4C53-92ED-475D345F3851}.Release|Any CPU.ActiveCfg = Release|Any CPU
		{74C1D2B1-4E47-4C53-92ED-475D345F3851}.Release|Any CPU.Build.0 = Release|Any CPU
	EndGlobalSection
	GlobalSection(SolutionProperties) = preSolution
		HideSolutionNode = FALSE
	EndGlobalSection
	GlobalSection(ExtensibilityGlobals) = postSolution
		SolutionGuid = {67F29E9B-0440-4456-A3D9-4242F8052607}
	EndGlobalSection
EndGlobal
